
Microsoft Visual Studio Solution File, Format Version 11.00
# Visual Studio 2010
Project("{8BC9CEB8-8B4A-11D0-8D11-00A0C91BC942}") = "rssmii", "rssmii\rssmii.vcxproj", "{65D4A53B-8568-4519-8A8C-1F6EFC621ECF}"
EndProject
Global
	GlobalSection(SolutionConfigurationPlatforms) = preSolution
		Debug|Win32 = Debug|Win32
		Release|Win32 = Release|Win32
	EndGlobalSection
	GlobalSection(ProjectConfigurationPlatforms) = postSolution
		{65D4A53B-8568-4519-8A8C-1F6EFC621ECF}.Debug|Win32.ActiveCfg = Debug|Win32
		{65D4A53B-8568-4519-8A8C-1F6EFC621ECF}.Debug|Win32.Build.0 = Debug|Win32
		{65D4A53B-8568-4519-8A8C-1F6EFC621ECF}.Release|Win32.ActiveCfg = Release|Win32
		{65D4A53B-8568-4519-8A8C-1F6EFC621ECF}.Release|Win32.Build.0 = Release|Win32
	EndGlobalSection
	GlobalSection(SolutionProperties) = preSolution
		HideSolutionNode = FALSE
	EndGlobalSection
EndGlobal
